
Microsoft Visual Studio Solution File, Format Version 12.00
# Visual Studio 15
VisualStudioVersion = 15.0.26730.15
MinimumVisualStudioVersion = 10.0.40219.1
Project("{FAE04EC0-301F-11D3-BF4B-00C04F79EFBC}") = "FixedWidth", "FixedWidth\FixedWidth.csproj", "{5A2C2CE2-D59C-4A98-81FF-16FEF3120C80}"
EndProject
Project("{FAE04EC0-301F-11D3-BF4B-00C04F79EFBC}") = "FixedWidthTests", "FixedWidthTests\FixedWidthTests.csproj", "{FC69A54A-FCBD-44AD-9837-3223F793002D}"
EndProject
Global
	GlobalSection(SolutionConfigurationPlatforms) = preSolution
		Debug|Any CPU = Debug|Any CPU
		Release|Any CPU = Release|Any CPU
	EndGlobalSection
	GlobalSection(ProjectConfigurationPlatforms) = postSolution
		{5A2C2CE2-D59C-4A98-81FF-16FEF3120C80}.Debug|Any CPU.ActiveCfg = Debug|Any CPU
		{5A2C2CE2-D59C-4A98-81FF-16FEF3120C80}.Debug|Any CPU.Build.0 = Debug|Any CPU
		{5A2C2CE2-D59C-4A98-81FF-16FEF3120C80}.Release|Any CPU.ActiveCfg = Release|Any CPU
		{5A2C2CE2-D59C-4A98-81FF-16FEF3120C80}.Release|Any CPU.Build.0 = Release|Any CPU
		{FC69A54A-FCBD-44AD-9837-3223F793002D}.Debug|Any CPU.ActiveCfg = Debug|Any CPU
		{FC69A54A-FCBD-44AD-9837-3223F793002D}.Debug|Any CPU.Build.0 = Debug|Any CPU
		{FC69A54A-FCBD-44AD-9837-3223F793002D}.Release|Any CPU.ActiveCfg = Release|Any CPU
		{FC69A54A-FCBD-44AD-9837-3223F793002D}.Release|Any CPU.Build.0 = Release|Any CPU
	EndGlobalSection
	GlobalSection(SolutionProperties) = preSolution
		HideSolutionNode = FALSE
	EndGlobalSection
	GlobalSection(ExtensibilityGlobals) = postSolution
		SolutionGuid = {54E14F8D-F4D5-42A5-936C-737FE5575061}
	EndGlobalSection
EndGlobal
